
Microsoft Visual Studio Solution File, Format Version 12.00
# Visual Studio 15
VisualStudioVersion = 15.0.28307.1145
MinimumVisualStudioVersion = 10.0.40219.1
Project("{888888A0-9F3D-457C-B088-3A5042F75D52}") = "SetBuildNumber", "SetBuildNumber.pyproj", "{442C5E25-36F4-461C-8E64-98A776EA0BB9}"
EndProject
Project("{2150E333-8FDC-42A3-9474-1A3956D46DE8}") = "Solution Items", "Solution Items", "{026722F6-9FF5-46DF-80D5-C5EE32BCFA20}"
	ProjectSection(SolutionItems) = preProject
		..\README.md = ..\README.md
	EndProjectSection
EndProject
Global
	GlobalSection(SolutionConfigurationPlatforms) = preSolution
		Debug|Any CPU = Debug|Any CPU
		Release|Any CPU = Release|Any CPU
	EndGlobalSection
	GlobalSection(ProjectConfigurationPlatforms) = postSolution
		{442C5E25-36F4-461C-8E64-98A776EA0BB9}.Debug|Any CPU.ActiveCfg = Debug|Any CPU
		{442C5E25-36F4-461C-8E64-98A776EA0BB9}.Release|Any CPU.ActiveCfg = Release|Any CPU
	EndGlobalSection
	GlobalSection(SolutionProperties) = preSolution
		HideSolutionNode = FALSE
	EndGlobalSection
	GlobalSection(ExtensibilityGlobals) = postSolution
		SolutionGuid = {6C159F49-23B3-47AF-99EC-E56D6EAE1FF9}
	EndGlobalSection
EndGlobal
